
Microsoft Visual Studio Solution File, Format Version 12.00
# Visual Studio Version 17
VisualStudioVersion = 17.3.32811.315
MinimumVisualStudioVersion = 10.0.40219.1
Project("{9A19103F-16F7-4668-BE54-9A1E7A4F7556}") = "MarcacaoDePonto", "MarcacaoDePonto\MarcacaoDePonto.csproj", "{4C2AF16D-5968-4AAA-9680-64969CAE39B9}"
EndProject
Project("{9A19103F-16F7-4668-BE54-9A1E7A4F7556}") = "MarcacaoDePonto.Models", "MarcacaodePonto.Models\MarcacaoDePonto.Models.csproj", "{C8075E57-5B94-4C9F-BC90-F20A916BA0B0}"
EndProject
Project("{9A19103F-16F7-4668-BE54-9A1E7A4F7556}") = "MarcacaoDePonto.Repositorio", "MarcacaoDePonto.Repositorio\MarcacaoDePonto.Repositorio.csproj", "{D6C53380-4CDA-4F41-8A9B-87D484EC972A}"
EndProject
Project("{FAE04EC0-301F-11D3-BF4B-00C04F79EFBC}") = "MarcacaoDePonto.Services", "MarcacaoDePonto.Services\MarcacaoDePonto.Services.csproj", "{72EE49D8-9F6C-4707-BF7E-3A37C80F2C0E}"
EndProject
Global
	GlobalSection(SolutionConfigurationPlatforms) = preSolution
		Debug|Any CPU = Debug|Any CPU
		Release|Any CPU = Release|Any CPU
	EndGlobalSection
	GlobalSection(ProjectConfigurationPlatforms) = postSolution
		{4C2AF16D-5968-4AAA-9680-64969CAE39B9}.Debug|Any CPU.ActiveCfg = Debug|Any CPU
		{4C2AF16D-5968-4AAA-9680-64969CAE39B9}.Debug|Any CPU.Build.0 = Debug|Any CPU
		{4C2AF16D-5968-4AAA-9680-64969CAE39B9}.Release|Any CPU.ActiveCfg = Release|Any CPU
		{4C2AF16D-5968-4AAA-9680-64969CAE39B9}.Release|Any CPU.Build.0 = Release|Any CPU
		{C8075E57-5B94-4C9F-BC90-F20A916BA0B0}.Debug|Any CPU.ActiveCfg = Debug|Any CPU
		{C8075E57-5B94-4C9F-BC90-F20A916BA0B0}.Debug|Any CPU.Build.0 = Debug|Any CPU
		{C8075E57-5B94-4C9F-BC90-F20A916BA0B0}.Release|Any CPU.ActiveCfg = Release|Any CPU
		{C8075E57-5B94-4C9F-BC90-F20A916BA0B0}.Release|Any CPU.Build.0 = Release|Any CPU
		{D6C53380-4CDA-4F41-8A9B-87D484EC972A}.Debug|Any CPU.ActiveCfg = Debug|Any CPU
		{D6C53380-4CDA-4F41-8A9B-87D484EC972A}.Debug|Any CPU.Build.0 = Debug|Any CPU
		{D6C53380-4CDA-4F41-8A9B-87D484EC972A}.Release|Any CPU.ActiveCfg = Release|Any CPU
		{D6C53380-4CDA-4F41-8A9B-87D484EC972A}.Release|Any CPU.Build.0 = Release|Any CPU
		{72EE49D8-9F6C-4707-BF7E-3A37C80F2C0E}.Debug|Any CPU.ActiveCfg = Debug|Any CPU
		{72EE49D8-9F6C-4707-BF7E-3A37C80F2C0E}.Debug|Any CPU.Build.0 = Debug|Any CPU
		{72EE49D8-9F6C-4707-BF7E-3A37C80F2C0E}.Release|Any CPU.ActiveCfg = Release|Any CPU
		{72EE49D8-9F6C-4707-BF7E-3A37C80F2C0E}.Release|Any CPU.Build.0 = Release|Any CPU
	EndGlobalSection
	GlobalSection(SolutionProperties) = preSolution
		HideSolutionNode = FALSE
	EndGlobalSection
	GlobalSection(ExtensibilityGlobals) = postSolution
		SolutionGuid = {30A194F5-DD86-4C99-A7A6-E0E6E545AFAD}
	EndGlobalSection
EndGlobal
